
Microsoft Visual Studio Solution File, Format Version 12.00
# Visual Studio Version 16
VisualStudioVersion = 16.0.30711.63
MinimumVisualStudioVersion = 10.0.40219.1
Project("{FAE04EC0-301F-11D3-BF4B-00C04F79EFBC}") = "MovieShop.Web", "MovieShop.Web\MovieShop.Web.csproj", "{3BCF2326-5253-4C12-84D1-C7C1BA2212FD}"
EndProject
Global
	GlobalSection(SolutionConfigurationPlatforms) = preSolution
		Debug|Any CPU = Debug|Any CPU
		Release|Any CPU = Release|Any CPU
	EndGlobalSection
	GlobalSection(ProjectConfigurationPlatforms) = postSolution
		{3BCF2326-5253-4C12-84D1-C7C1BA2212FD}.Debug|Any CPU.ActiveCfg = Debug|Any CPU
		{3BCF2326-5253-4C12-84D1-C7C1BA2212FD}.Debug|Any CPU.Build.0 = Debug|Any CPU
		{3BCF2326-5253-4C12-84D1-C7C1BA2212FD}.Release|Any CPU.ActiveCfg = Release|Any CPU
		{3BCF2326-5253-4C12-84D1-C7C1BA2212FD}.Release|Any CPU.Build.0 = Release|Any CPU
	EndGlobalSection
	GlobalSection(SolutionProperties) = preSolution
		HideSolutionNode = FALSE
	EndGlobalSection
	GlobalSection(ExtensibilityGlobals) = postSolution
		SolutionGuid = {A29400D2-92DA-4C73-ADD5-BC5FC11685C5}
	EndGlobalSection
EndGlobal
